// !$*UTF8*$!
{
	archiveVersion = 1;
	classes = {
	};
	objectVersion = 46;
	objects = {

/* Begin PBXFileReference section */
		4DC64823A8DEF642B40A833B /* xcc_general_include.h */ = {isa = PBXFileReference; lastKnownFileType = sourcecode.c.h; name = xcc_general_include.h; path = .XcodeSupport/xcc_general_include.h; sourceTree = SOURCE_ROOT; };
		73564160A646F27D9BD7272C /* Person.m */ = {isa = PBXFileReference; lastKnownFileType = sourcecode.c.objc; name = Person.m; path = .XcodeSupport/Person.m; sourceTree = SOURCE_ROOT; };
		815D42D2B089AE1DFCC89693 /* AppController.m */ = {isa = PBXFileReference; lastKnownFileType = sourcecode.c.objc; name = AppController.m; path = .XcodeSupport/AppController.m; sourceTree = SOURCE_ROOT; };
		8D334EDDA1EC67CAAAE8537B /* AppController.h */ = {isa = PBXFileReference; lastKnownFileType = sourcecode.c.h; name = AppController.h; path = .XcodeSupport/AppController.h; sourceTree = SOURCE_ROOT; };
		90284934BA6274E0EDB3E13B /* Person.h */ = {isa = PBXFileReference; lastKnownFileType = sourcecode.c.h; name = Person.h; path = .XcodeSupport/Person.h; sourceTree = SOURCE_ROOT; };
		A612499F81236653935E85A6 /* AppController.j */ = {isa = PBXFileReference; lastKnownFileType = sourcecode.c.objc; name = AppController.j; path = AppController.j; sourceTree = SOURCE_ROOT; };
		AC5543D884EDE77F8DCDEE24 /* Person.j */ = {isa = PBXFileReference; lastKnownFileType = sourcecode.c.objc; name = Person.j; path = Person.j; sourceTree = SOURCE_ROOT; };
		E164FE29172185F500263CE3 /* Resources */ = {isa = PBXFileReference; lastKnownFileType = folder; path = Resources; sourceTree = "<group>"; };
/* End PBXFileReference section */

/* Begin PBXGroup section */
		99AD4F1685DB0115883C49AE /* Cappuccino Source */ = {
			isa = PBXGroup;
			children = (
				A612499F81236653935E85A6 /* AppController.j */,
				AC5543D884EDE77F8DCDEE24 /* Person.j */,
			);
			name = "Cappuccino Source";
			sourceTree = "<group>";
		};
		DD1C4C70A9EF8D09A986DA13 /* Cocoa Classes */ = {
			isa = PBXGroup;
			children = (
				8D334EDDA1EC67CAAAE8537B /* AppController.h */,
				815D42D2B089AE1DFCC89693 /* AppController.m */,
				90284934BA6274E0EDB3E13B /* Person.h */,
				73564160A646F27D9BD7272C /* Person.m */,
				4DC64823A8DEF642B40A833B /* xcc_general_include.h */,
			);
			name = "Cocoa Classes";
			sourceTree = "<group>";
		};
		E164FE221721857400263CE3 /*  */ = {
			isa = PBXGroup;
			children = (
				E164FE29172185F500263CE3 /* Resources */,
				DD1C4C70A9EF8D09A986DA13 /* Cocoa Classes */,
				99AD4F1685DB0115883C49AE /* Cappuccino Source */,
			);
			sourceTree = "<group>";
		};
/* End PBXGroup section */

/* Begin PBXProject section */
		E164FE231721857400263CE3 /* Project Object */ = {
			isa = PBXProject;
			attributes = {
				LastUpgradeCheck = 0460;
			};
			buildConfigurationList = E164FE261721857400263CE3 /* Build configuration list for PBXProject "Unity-iPhone" */;
			compatibilityVersion = "Xcode 3.2";
			developmentRegion = English;
			hasScannedForEncodings = 0;
			knownRegions = (
				en,
			);
			mainGroup = E164FE221721857400263CE3 /*  */;
			projectDirPath = "";
			projectRoot = "";
			targets = (
			);
		};
/* End PBXProject section */

/* Begin XCBuildConfiguration section */
		E164FE271721857400263CE3 /* Debug */ = {
			isa = XCBuildConfiguration;
			buildSettings = {
			};
			name = Debug;
		};
		E164FE281721857400263CE3 /* Release */ = {
			isa = XCBuildConfiguration;
			buildSettings = {
			};
			name = Release;
		};
/* End XCBuildConfiguration section */

/* Begin XCConfigurationList section */
		E164FE261721857400263CE3 /* Build configuration list for PBXProject "Unity-iPhone" */ = {
			isa = XCConfigurationList;
			buildConfigurations = (
				E164FE271721857400263CE3 /* Debug */,
				E164FE281721857400263CE3 /* Release */,
			);
			defaultConfigurationIsVisible = 0;
			defaultConfigurationName = Release;
		};
/* End XCConfigurationList section */
	};
	rootObject = E164FE231721857400263CE3 /* Project Object */;
}